
Microsoft Visual Studio Solution File, Format Version 12.00
# Visual Studio Version 17
VisualStudioVersion = 17.11.35327.3
MinimumVisualStudioVersion = 10.0.40219.1
Project("{FAE04EC0-301F-11D3-BF4B-00C04F79EFBC}") = "LAMA", "LAMA\LAMA.csproj", "{6F64EE3E-CC64-4134-80A7-790F6406F788}"
EndProject
Global
	GlobalSection(SolutionConfigurationPlatforms) = preSolution
		Debug|Any CPU = Debug|Any CPU
		Release|Any CPU = Release|Any CPU
	EndGlobalSection
	GlobalSection(ProjectConfigurationPlatforms) = postSolution
		{6F64EE3E-CC64-4134-80A7-790F6406F788}.Debug|Any CPU.ActiveCfg = Debug|Any CPU
		{6F64EE3E-CC64-4134-80A7-790F6406F788}.Debug|Any CPU.Build.0 = Debug|Any CPU
		{6F64EE3E-CC64-4134-80A7-790F6406F788}.Release|Any CPU.ActiveCfg = Release|Any CPU
		{6F64EE3E-CC64-4134-80A7-790F6406F788}.Release|Any CPU.Build.0 = Release|Any CPU
	EndGlobalSection
	GlobalSection(SolutionProperties) = preSolution
		HideSolutionNode = FALSE
	EndGlobalSection
	GlobalSection(ExtensibilityGlobals) = postSolution
		SolutionGuid = {C65FC4D5-A78D-4BB2-B765-3D4135B63E71}
	EndGlobalSection
EndGlobal
